
Microsoft Visual Studio Solution File, Format Version 12.00
# Visual Studio Version 17
VisualStudioVersion = 17.6.33723.286
MinimumVisualStudioVersion = 10.0.40219.1
Project("{FAE04EC0-301F-11D3-BF4B-00C04F79EFBC}") = "KruchyCodeBuilders", "KruchyCodeBuilders\KruchyCodeBuilders.csproj", "{B3DFE520-906C-4B30-9464-F934CABB209E}"
EndProject
Global
	GlobalSection(SolutionConfigurationPlatforms) = preSolution
		Debug|Any CPU = Debug|Any CPU
		Release|Any CPU = Release|Any CPU
	EndGlobalSection
	GlobalSection(ProjectConfigurationPlatforms) = postSolution
		{B3DFE520-906C-4B30-9464-F934CABB209E}.Debug|Any CPU.ActiveCfg = Debug|Any CPU
		{B3DFE520-906C-4B30-9464-F934CABB209E}.Debug|Any CPU.Build.0 = Debug|Any CPU
		{B3DFE520-906C-4B30-9464-F934CABB209E}.Release|Any CPU.ActiveCfg = Release|Any CPU
		{B3DFE520-906C-4B30-9464-F934CABB209E}.Release|Any CPU.Build.0 = Release|Any CPU
	EndGlobalSection
	GlobalSection(SolutionProperties) = preSolution
		HideSolutionNode = FALSE
	EndGlobalSection
	GlobalSection(ExtensibilityGlobals) = postSolution
		SolutionGuid = {7FE4070F-3F0E-4CE2-80BA-2EB368E8679D}
	EndGlobalSection
EndGlobal
